{
  "nodes": {
    "nixpkgs": {
      "locked": {
        "lastModified": 1762049852,
        "narHash": "sha256-HWs1Fvyc/Ns5ZlzUS584kx3WcKBoKrgVSuBpt1VgeLg=",
        "owner": "NixOS",
        "repo": "nixpkgs",
        "rev": "4a9ea7252cb9c046a88aed6f6b58e56fbdc81191",
        "type": "github"
      },
      "original": {
        "id": "nixpkgs",
        "ref": "nixos-25.05-small",
        "type": "indirect"
      }
    },
    "root": {
      "inputs": {
        "nixpkgs": "nixpkgs"
      }
    }
  },
  "root": "root",
  "version": 7
}
