{
  "nodes": {
    "nixpkgs": {
      "locked": {
        "lastModified": 1759992760,
        "narHash": "sha256-brRqHcraotycCAmKC347Epkt8Muu05LCyCeUcRLjABk=",
        "owner": "NixOS",
        "repo": "nixpkgs",
        "rev": "d97294f2a9170c4437e3f2e98d65d2cf762583a3",
        "type": "github"
      },
      "original": {
        "id": "nixpkgs",
        "ref": "nixos-25.05-small",
        "type": "indirect"
      }
    },
    "root": {
      "inputs": {
        "nixpkgs": "nixpkgs"
      }
    }
  },
  "root": "root",
  "version": 7
}
