{
  "nodes": {
    "fenix": {
      "inputs": {
        "nixpkgs": [
          "nixpkgs"
        ],
        "rust-analyzer-src": "rust-analyzer-src"
      },
      "locked": {
        "lastModified": 1765435813,
        "narHash": "sha256-C6tT7K1Lx6VsYw1BY5S3OavtapUvEnDQtmQB5DSgbCc=",
        "owner": "nix-community",
        "repo": "fenix",
        "rev": "6399553b7a300c77e7f07342904eb696a5b6bf9d",
        "type": "github"
      },
      "original": {
        "owner": "nix-community",
        "repo": "fenix",
        "type": "github"
      }
    },
    "nixpkgs": {
      "locked": {
        "lastModified": 1765704383,
        "narHash": "sha256-peGn82RxaT5EtkYbkU7OqFvwl7Iv916g8Z4Ody9bYvM=",
        "owner": "NixOS",
        "repo": "nixpkgs",
        "rev": "8549720d77cf4e08622c230ebc1cdcd1f49a3104",
        "type": "github"
      },
      "original": {
        "id": "nixpkgs",
        "ref": "nixos-25.11-small",
        "type": "indirect"
      }
    },
    "root": {
      "inputs": {
        "fenix": "fenix",
        "nixpkgs": "nixpkgs"
      }
    },
    "rust-analyzer-src": {
      "flake": false,
      "locked": {
        "lastModified": 1765400135,
        "narHash": "sha256-D3+4hfNwUhG0fdCpDhOASLwEQ1jKuHi4mV72up4kLQM=",
        "owner": "rust-lang",
        "repo": "rust-analyzer",
        "rev": "fface27171988b3d605ef45cf986c25533116f7e",
        "type": "github"
      },
      "original": {
        "owner": "rust-lang",
        "ref": "nightly",
        "repo": "rust-analyzer",
        "type": "github"
      }
    }
  },
  "root": "root",
  "version": 7
}
